
Microsoft Visual Studio Solution File, Format Version 12.00
# Visual Studio Version 17
VisualStudioVersion = 17.12.35707.178 d17.12
MinimumVisualStudioVersion = 10.0.40219.1
Project("{FAE04EC0-301F-11D3-BF4B-00C04F79EFBC}") = "PhoneBook.PersonService", "PhoneBook.PersonService.csproj", "{3734DAFF-31C6-420A-81C2-9F2599B36860}"
EndProject
Project("{FAE04EC0-301F-11D3-BF4B-00C04F79EFBC}") = "PhoneBook.ReportingService", "..\PhoneBook.ReportingService\PhoneBook.ReportingService.csproj", "{7FF8FFEA-3C9F-4F09-B576-B63BE58D6394}"
EndProject
Global
	GlobalSection(SolutionConfigurationPlatforms) = preSolution
		Debug|Any CPU = Debug|Any CPU
		Release|Any CPU = Release|Any CPU
	EndGlobalSection
	GlobalSection(ProjectConfigurationPlatforms) = postSolution
		{3734DAFF-31C6-420A-81C2-9F2599B36860}.Debug|Any CPU.ActiveCfg = Debug|Any CPU
		{3734DAFF-31C6-420A-81C2-9F2599B36860}.Debug|Any CPU.Build.0 = Debug|Any CPU
		{3734DAFF-31C6-420A-81C2-9F2599B36860}.Release|Any CPU.ActiveCfg = Release|Any CPU
		{3734DAFF-31C6-420A-81C2-9F2599B36860}.Release|Any CPU.Build.0 = Release|Any CPU
		{7FF8FFEA-3C9F-4F09-B576-B63BE58D6394}.Debug|Any CPU.ActiveCfg = Debug|Any CPU
		{7FF8FFEA-3C9F-4F09-B576-B63BE58D6394}.Debug|Any CPU.Build.0 = Debug|Any CPU
		{7FF8FFEA-3C9F-4F09-B576-B63BE58D6394}.Release|Any CPU.ActiveCfg = Release|Any CPU
		{7FF8FFEA-3C9F-4F09-B576-B63BE58D6394}.Release|Any CPU.Build.0 = Release|Any CPU
	EndGlobalSection
	GlobalSection(SolutionProperties) = preSolution
		HideSolutionNode = FALSE
	EndGlobalSection
EndGlobal
